# This file is automatically @generated by Cargo.
# It is not intended for manual editing.
version = 4

[[package]]
name = "anyhow"
version = "1.0.100"
source = "registry+https://github.com/rust-lang/crates.io-index"
checksum = "a23eb6b1614318a8071c9b2521f36b424b2c83db5eb3a0fead4a6c0809af6e61"

[[package]]
name = "cfg-if"
version = "1.0.3"
source = "registry+https://github.com/rust-lang/crates.io-index"
checksum = "2fd1289c04a9ea8cb22300a459a72a385d7c73d3259e2ed7dcb2af674838cfa9"

[[package]]
name = "ct-codecs"
version = "1.1.6"
source = "registry+https://github.com/rust-lang/crates.io-index"
checksum = "9b10589d1a5e400d61f9f38f12f884cfd080ff345de8f17efda36fe0e4a02aa8"

[[package]]
name = "fiat-crypto"
version = "0.3.0"
source = "registry+https://github.com/rust-lang/crates.io-index"
checksum = "64cd1e32ddd350061ae6edb1b082d7c54915b5c672c389143b9a63403a109f24"

[[package]]
name = "getopts"
version = "0.2.24"
source = "registry+https://github.com/rust-lang/crates.io-index"
checksum = "cfe4fbac503b8d1f88e6676011885f34b7174f46e59956bba534ba83abded4df"

[[package]]
name = "getrandom"
version = "0.3.3"
source = "registry+https://github.com/rust-lang/crates.io-index"
checksum = "26145e563e54f2cadc477553f1ec5ee650b00862f0a58bcd12cbdc5f0ea2d2f4"
dependencies = [
 "cfg-if",
 "libc",
 "r-efi",
 "wasi",
]

[[package]]
name = "kestrel-cli"
version = "1.0.3"
dependencies = [
 "anyhow",
 "ct-codecs",
 "getopts",
 "kestrel-crypto 3.0.1",
 "passterm",
 "zeroize",
]

[[package]]
name = "kestrel-crypto"
version = "3.0.0"
source = "registry+https://github.com/rust-lang/crates.io-index"
checksum = "7227dee483cf775e125f9cecc4acaa1364a6bd82d2c2453d642ec4bd6cf19444"
dependencies = [
 "getrandom",
 "orion",
 "zeroize",
]

[[package]]
name = "kestrel-crypto"
version = "3.0.1"
dependencies = [
 "ct-codecs",
 "getrandom",
 "orion",
 "zeroize",
]

[[package]]
name = "kestrel-ffi"
version = "0.1.0"
dependencies = [
 "kestrel-crypto 3.0.0",
 "libc",
]

[[package]]
name = "libc"
version = "0.2.176"
source = "registry+https://github.com/rust-lang/crates.io-index"
checksum = "58f929b4d672ea937a23a1ab494143d968337a5f47e56d0815df1e0890ddf174"

[[package]]
name = "orion"
version = "0.17.12"
source = "registry+https://github.com/rust-lang/crates.io-index"
checksum = "eb3278caf2be3bafa358c50c76170a4f3bb5f4f39e671909fb64ee558cde117e"
dependencies = [
 "ct-codecs",
 "fiat-crypto",
 "getrandom",
 "subtle",
 "zeroize",
]

[[package]]
name = "passterm"
version = "2.0.5"
source = "registry+https://github.com/rust-lang/crates.io-index"
checksum = "150ca2316c7813c688677784f20bb0a9efab639415ae1961869863ee99a81e51"
dependencies = [
 "libc",
 "zeroize",
]

[[package]]
name = "r-efi"
version = "5.3.0"
source = "registry+https://github.com/rust-lang/crates.io-index"
checksum = "69cdb34c158ceb288df11e18b4bd39de994f6657d83847bdffdbd7f346754b0f"

[[package]]
name = "subtle"
version = "2.6.1"
source = "registry+https://github.com/rust-lang/crates.io-index"
checksum = "13c2bddecc57b384dee18652358fb23172facb8a2c51ccc10d74c157bdea3292"

[[package]]
name = "wasi"
version = "0.14.7+wasi-0.2.4"
source = "registry+https://github.com/rust-lang/crates.io-index"
checksum = "883478de20367e224c0090af9cf5f9fa85bed63a95c1abf3afc5c083ebc06e8c"
dependencies = [
 "wasip2",
]

[[package]]
name = "wasip2"
version = "1.0.1+wasi-0.2.4"
source = "registry+https://github.com/rust-lang/crates.io-index"
checksum = "0562428422c63773dad2c345a1882263bbf4d65cf3f42e90921f787ef5ad58e7"
dependencies = [
 "wit-bindgen",
]

[[package]]
name = "wit-bindgen"
version = "0.46.0"
source = "registry+https://github.com/rust-lang/crates.io-index"
checksum = "f17a85883d4e6d00e8a97c586de764dabcc06133f7f1d55dce5cdc070ad7fe59"

[[package]]
name = "zeroize"
version = "1.8.1"
source = "registry+https://github.com/rust-lang/crates.io-index"
checksum = "ced3678a2879b30306d323f4542626697a464a97c0a07c9aebf7ebca65cd4dde"
